
Microsoft Visual Studio Solution File, Format Version 12.00
# Visual Studio Version 17
VisualStudioVersion = 17.3.32825.248
MinimumVisualStudioVersion = 10.0.40219.1
Project("{FAE04EC0-301F-11D3-BF4B-00C04F79EFBC}") = "ClonksCodingLib", "ClonksCodingLib\ClonksCodingLib.csproj", "{73229687-F8A2-416A-95F6-B49B730959AB}"
EndProject
Global
	GlobalSection(SolutionConfigurationPlatforms) = preSolution
		Debug|Any CPU = Debug|Any CPU
		Release|Any CPU = Release|Any CPU
	EndGlobalSection
	GlobalSection(ProjectConfigurationPlatforms) = postSolution
		{73229687-F8A2-416A-95F6-B49B730959AB}.Debug|Any CPU.ActiveCfg = Debug|Any CPU
		{73229687-F8A2-416A-95F6-B49B730959AB}.Debug|Any CPU.Build.0 = Debug|Any CPU
		{73229687-F8A2-416A-95F6-B49B730959AB}.Release|Any CPU.ActiveCfg = Release|Any CPU
		{73229687-F8A2-416A-95F6-B49B730959AB}.Release|Any CPU.Build.0 = Release|Any CPU
	EndGlobalSection
	GlobalSection(SolutionProperties) = preSolution
		HideSolutionNode = FALSE
	EndGlobalSection
	GlobalSection(ExtensibilityGlobals) = postSolution
		SolutionGuid = {11BC3E1E-5AFE-456D-B0EF-ECEB68D7E8DC}
	EndGlobalSection
EndGlobal
